
Microsoft Visual Studio Solution File, Format Version 12.00
# Visual Studio Version 16
VisualStudioVersion = 16.0.29613.14
MinimumVisualStudioVersion = 10.0.40219.1
Project("{2150E333-8FDC-42A3-9474-1A3956D46DE8}") = "Tests", "Tests", "{A8934A1B-70C7-4EB0-BD4C-DF843EA3FF61}"
EndProject
Project("{9A19103F-16F7-4668-BE54-9A1E7A4F7556}") = "Demo", "demo\Demo.csproj", "{0DB48D15-396A-4448-A6DE-9826175D087F}"
EndProject
Project("{9A19103F-16F7-4668-BE54-9A1E7A4F7556}") = "HttpClientLogging", "src\HttpClientLogging\HttpClientLogging.csproj", "{63D8C680-5A98-46B1-906F-EC1726B44A68}"
EndProject
Project("{9A19103F-16F7-4668-BE54-9A1E7A4F7556}") = "HttpClientLogging.Test", "test\HttpClientLogging.Test\HttpClientLogging.Test.csproj", "{1A7E1081-7C23-4240-A6A0-0F2D408CF64D}"
EndProject
Global
	GlobalSection(SolutionConfigurationPlatforms) = preSolution
		Debug|Any CPU = Debug|Any CPU
		Release|Any CPU = Release|Any CPU
	EndGlobalSection
	GlobalSection(ProjectConfigurationPlatforms) = postSolution
		{0DB48D15-396A-4448-A6DE-9826175D087F}.Debug|Any CPU.ActiveCfg = Debug|Any CPU
		{0DB48D15-396A-4448-A6DE-9826175D087F}.Debug|Any CPU.Build.0 = Debug|Any CPU
		{0DB48D15-396A-4448-A6DE-9826175D087F}.Release|Any CPU.ActiveCfg = Release|Any CPU
		{0DB48D15-396A-4448-A6DE-9826175D087F}.Release|Any CPU.Build.0 = Release|Any CPU
		{63D8C680-5A98-46B1-906F-EC1726B44A68}.Debug|Any CPU.ActiveCfg = Debug|Any CPU
		{63D8C680-5A98-46B1-906F-EC1726B44A68}.Debug|Any CPU.Build.0 = Debug|Any CPU
		{63D8C680-5A98-46B1-906F-EC1726B44A68}.Release|Any CPU.ActiveCfg = Release|Any CPU
		{63D8C680-5A98-46B1-906F-EC1726B44A68}.Release|Any CPU.Build.0 = Release|Any CPU
		{1A7E1081-7C23-4240-A6A0-0F2D408CF64D}.Debug|Any CPU.ActiveCfg = Debug|Any CPU
		{1A7E1081-7C23-4240-A6A0-0F2D408CF64D}.Debug|Any CPU.Build.0 = Debug|Any CPU
		{1A7E1081-7C23-4240-A6A0-0F2D408CF64D}.Release|Any CPU.ActiveCfg = Release|Any CPU
		{1A7E1081-7C23-4240-A6A0-0F2D408CF64D}.Release|Any CPU.Build.0 = Release|Any CPU
	EndGlobalSection
	GlobalSection(SolutionProperties) = preSolution
		HideSolutionNode = FALSE
	EndGlobalSection
	GlobalSection(NestedProjects) = preSolution
		{1A7E1081-7C23-4240-A6A0-0F2D408CF64D} = {A8934A1B-70C7-4EB0-BD4C-DF843EA3FF61}
	EndGlobalSection
	GlobalSection(ExtensibilityGlobals) = postSolution
		SolutionGuid = {16E577A8-A00F-4F69-8F82-88D65A77C56E}
	EndGlobalSection
EndGlobal
